
Microsoft Visual Studio Solution File, Format Version 12.00
# Visual Studio 2013
VisualStudioVersion = 12.0.21005.1
MinimumVisualStudioVersion = 10.0.40219.1
Project("{F184B08F-C81C-45F6-A57F-5ABD9991F28F}") = "HL7toSql - Mindray", "HL7toSql\HL7toSql - Mindray.vbproj", "{DCD2C3F9-B781-4FAC-8481-8C51A08D73AA}"
EndProject
Project("{F184B08F-C81C-45F6-A57F-5ABD9991F28F}") = "HL7toSql - MindrayTests", "HL7toSql - MindrayTests\HL7toSql - MindrayTests.vbproj", "{A30A5A34-88A6-4839-B224-A8EDC26B9581}"
EndProject
Global
	GlobalSection(SolutionConfigurationPlatforms) = preSolution
		Debug|Any CPU = Debug|Any CPU
		Release|Any CPU = Release|Any CPU
	EndGlobalSection
	GlobalSection(ProjectConfigurationPlatforms) = postSolution
		{DCD2C3F9-B781-4FAC-8481-8C51A08D73AA}.Debug|Any CPU.ActiveCfg = Debug|Any CPU
		{DCD2C3F9-B781-4FAC-8481-8C51A08D73AA}.Debug|Any CPU.Build.0 = Debug|Any CPU
		{DCD2C3F9-B781-4FAC-8481-8C51A08D73AA}.Release|Any CPU.ActiveCfg = Release|Any CPU
		{DCD2C3F9-B781-4FAC-8481-8C51A08D73AA}.Release|Any CPU.Build.0 = Release|Any CPU
		{A30A5A34-88A6-4839-B224-A8EDC26B9581}.Debug|Any CPU.ActiveCfg = Debug|Any CPU
		{A30A5A34-88A6-4839-B224-A8EDC26B9581}.Debug|Any CPU.Build.0 = Debug|Any CPU
		{A30A5A34-88A6-4839-B224-A8EDC26B9581}.Release|Any CPU.ActiveCfg = Release|Any CPU
		{A30A5A34-88A6-4839-B224-A8EDC26B9581}.Release|Any CPU.Build.0 = Release|Any CPU
	EndGlobalSection
	GlobalSection(SolutionProperties) = preSolution
		HideSolutionNode = FALSE
	EndGlobalSection
EndGlobal
